
Microsoft Visual Studio Solution File, Format Version 12.00
# Visual Studio Version 16
VisualStudioVersion = 16.0.29911.84
MinimumVisualStudioVersion = 10.0.40219.1
Project("{8BC9CEB8-8B4A-11D0-8D11-00A0C91BC942}") = "Assessment01_TicTacToe", "RaylibStarterCPP\RaylibStarterCPP.vcxproj", "{66F97E22-5E02-4257-B75C-DA71B7A17BFF}"
EndProject
Project("{8BC9CEB8-8B4A-11D0-8D11-00A0C91BC942}") = "RayGUI_Widgets", "RayGUI_Widgets\RayGUI_Widgets.vcxproj", "{5410FC57-321E-43D5-837C-7A47033041B8}"
EndProject
Project("{8BC9CEB8-8B4A-11D0-8D11-00A0C91BC942}") = "Exercise01_HelloWorld", "Exercise01_HelloWorld\Exercise01_HelloWorld.vcxproj", "{5869F482-40F9-4926-A900-09CFE2CC20D3}"
EndProject
Project("{8BC9CEB8-8B4A-11D0-8D11-00A0C91BC942}") = "Exercise02_VariableSizes", "Exercise02_VariableSizes\Exercise02_VariableSizes.vcxproj", "{64DBC3E1-A555-4D4D-BE00-30291BC83A51}"
EndProject
Project("{8BC9CEB8-8B4A-11D0-8D11-00A0C91BC942}") = "Exercise03_FortuneTeller", "Exercise03_FortuneTeller\Exercise03_FortuneTeller.vcxproj", "{8CDFDB80-2B14-4555-9BDB-00792B439840}"
EndProject
Project("{8BC9CEB8-8B4A-11D0-8D11-00A0C91BC942}") = "Exercise04_HiLow", "Exercise04_HiLow\Exercise04_HiLow.vcxproj", "{AC5686BF-C83B-432D-8BAA-F66D4FB1AD91}"
EndProject
Project("{8BC9CEB8-8B4A-11D0-8D11-00A0C91BC942}") = "Exercise05_IsAVowel", "Exercise05_IsAVowel\Exercise05_IsAVowel.vcxproj", "{E32E5E50-24A9-449D-92B3-844FECD419B3}"
EndProject
Project("{8BC9CEB8-8B4A-11D0-8D11-00A0C91BC942}") = "Exercise06_StringLength", "Exercise06_StringLength\Exercise06_StringLength.vcxproj", "{964C14EE-7A8A-4461-9314-1BFA1DA32974}"
EndProject
Project("{8BC9CEB8-8B4A-11D0-8D11-00A0C91BC942}") = "Exercise07_Calculator", "Exercise07_Calculator\Exercise07_Calculator.vcxproj", "{4D6EDAF4-D859-4FFB-BFDD-DCD1B3F1023A}"
EndProject
Project("{8BC9CEB8-8B4A-11D0-8D11-00A0C91BC942}") = "Exercise08_Greeting", "Exercise08_Greeting\Exercise08_Greeting.vcxproj", "{CEEFD242-5F0A-4763-8047-35DA4263F6AE}"
EndProject
Project("{8BC9CEB8-8B4A-11D0-8D11-00A0C91BC942}") = "Exercise09_RecursiveFibonacci", "Exercise09_RecursiveFibonacci\Exercise09_RecursiveFibonacci.vcxproj", "{17E73F1C-2E29-4FBB-B57C-5C635C282BCD}"
EndProject
Project("{8BC9CEB8-8B4A-11D0-8D11-00A0C91BC942}") = "Exercise11_SortedArrayBinarySearch", "Exercise10_SortedArrayBinarySearch\Exercise10_SortedArrayBinarySearch.vcxproj", "{1E479793-6795-4476-BE70-BD9F79966E2F}"
EndProject
Project("{8BC9CEB8-8B4A-11D0-8D11-00A0C91BC942}") = "Exercise12_DragonFoodTracker", "Exercise11_DragonFoodTracker\Exercise11_DragonFoodTracker.vcxproj", "{262494A5-14ED-4585-9F3E-BAE228A6D75C}"
EndProject
Project("{8BC9CEB8-8B4A-11D0-8D11-00A0C91BC942}") = "Exercise13_TicTacToeCheckWinner", "Exercise12_TicTacToeCheckWinner\Exercise12_TicTacToeCheckWinner.vcxproj", "{7C1130EE-515C-4C9A-848A-8D9007AF8F01}"
EndProject
Project("{8BC9CEB8-8B4A-11D0-8D11-00A0C91BC942}") = "Exercise14_RockPaperScissors", "Exercise13_RockPaperScissors\Exercise13_RockPaperScissors.vcxproj", "{557BB1CF-8F8B-4A8A-91C4-D6D6276AB2E5}"
EndProject
Project("{8BC9CEB8-8B4A-11D0-8D11-00A0C91BC942}") = "Exercise15_FileIO_numbers", "Exercise14_FileIO_numbers\Exercise14_FileIO_numbers.vcxproj", "{F331AFC0-6587-4CF3-889E-8C8700E36288}"
EndProject
Project("{8BC9CEB8-8B4A-11D0-8D11-00A0C91BC942}") = "Exercise16_FileIO_array", "Exercise15_FileIO_array\Exercise15_FileIO_array.vcxproj", "{3D70F2C5-F6E2-482D-88E3-198191F06BD4}"
EndProject
Project("{8BC9CEB8-8B4A-11D0-8D11-00A0C91BC942}") = "Exercise17_FileIO_dynamicArray", "Exercise16_FileIO_dynamicArray\Exercise16_FileIO_dynamicArray.vcxproj", "{9ED04D43-033C-498B-9ECE-6D098ECC7D60}"
EndProject
Project("{8BC9CEB8-8B4A-11D0-8D11-00A0C91BC942}") = "Exercise18_FileIO_Struct", "Exercise17_FileIO_Struct\Exercise17_FileIO_Struct.vcxproj", "{9F757EE4-463A-47D5-814A-D06A1B050590}"
EndProject
Project("{8BC9CEB8-8B4A-11D0-8D11-00A0C91BC942}") = "Exercise19_FileIO_Structs2", "Exercise18_FileIO_Structs2\Exercise18_FileIO_Structs2.vcxproj", "{D191F95A-DA68-4B15-9BFA-53B9ECD01D29}"
EndProject
Project("{8BC9CEB8-8B4A-11D0-8D11-00A0C91BC942}") = "Exercise10_RecursivePower", "Exercise10_RecursivePower\Exercise10_RecursivePower.vcxproj", "{899D3677-2CE0-4746-9520-DDEF3AA2A6D4}"
EndProject
Project("{8BC9CEB8-8B4A-11D0-8D11-00A0C91BC942}") = "Assessment02_PlayerProfileDB", "Assessment02_PlayerProfileDB\Assessment02_PlayerProfileDB.vcxproj", "{C6635D9D-77C0-4973-9A08-98EE838217AE}"
EndProject
Project("{2150E333-8FDC-42A3-9474-1A3956D46DE8}") = "Assessments", "Assessments", "{AAF89E9C-BBAA-430F-B47D-DB585E84E1DD}"
EndProject
Project("{2150E333-8FDC-42A3-9474-1A3956D46DE8}") = "Exercises", "Exercises", "{8E307ADC-C396-4C86-8289-B29BC03F6FC7}"
EndProject
Project("{8BC9CEB8-8B4A-11D0-8D11-00A0C91BC942}") = "Assessment03_Debugging", "Assessment03_Debugging\IntroCPP_BinaryFileIO_NPCData.vcxproj", "{7544D2EA-300C-4AEB-AA7F-438762AE001F}"
EndProject
Project("{8BC9CEB8-8B4A-11D0-8D11-00A0C91BC942}") = "IntroCPP_BinaryFileIO_NPCData", "IntroCPP_BinaryFileIO_NPCData\IntroCPP_BinaryFileIO_NPCData.vcxproj", "{40B7A5ED-E344-46D1-8734-7A64844AC50A}"
EndProject
Global
	GlobalSection(SolutionConfigurationPlatforms) = preSolution
		Debug|Any CPU = Debug|Any CPU
		Debug|x64 = Debug|x64
		Debug|x86 = Debug|x86
		Release|Any CPU = Release|Any CPU
		Release|x64 = Release|x64
		Release|x86 = Release|x86
	EndGlobalSection
	GlobalSection(ProjectConfigurationPlatforms) = postSolution
		{66F97E22-5E02-4257-B75C-DA71B7A17BFF}.Debug|Any CPU.ActiveCfg = Debug|Win32
		{66F97E22-5E02-4257-B75C-DA71B7A17BFF}.Debug|x64.ActiveCfg = Debug|x64
		{66F97E22-5E02-4257-B75C-DA71B7A17BFF}.Debug|x64.Build.0 = Debug|x64
		{66F97E22-5E02-4257-B75C-DA71B7A17BFF}.Debug|x86.ActiveCfg = Debug|Win32
		{66F97E22-5E02-4257-B75C-DA71B7A17BFF}.Debug|x86.Build.0 = Debug|Win32
		{66F97E22-5E02-4257-B75C-DA71B7A17BFF}.Release|Any CPU.ActiveCfg = Release|Win32
		{66F97E22-5E02-4257-B75C-DA71B7A17BFF}.Release|x64.ActiveCfg = Release|x64
		{66F97E22-5E02-4257-B75C-DA71B7A17BFF}.Release|x64.Build.0 = Release|x64
		{66F97E22-5E02-4257-B75C-DA71B7A17BFF}.Release|x86.ActiveCfg = Release|Win32
		{66F97E22-5E02-4257-B75C-DA71B7A17BFF}.Release|x86.Build.0 = Release|Win32
		{5410FC57-321E-43D5-837C-7A47033041B8}.Debug|Any CPU.ActiveCfg = Debug|Win32
		{5410FC57-321E-43D5-837C-7A47033041B8}.Debug|x64.ActiveCfg = Debug|x64
		{5410FC57-321E-43D5-837C-7A47033041B8}.Debug|x64.Build.0 = Debug|x64
		{5410FC57-321E-43D5-837C-7A47033041B8}.Debug|x86.ActiveCfg = Debug|Win32
		{5410FC57-321E-43D5-837C-7A47033041B8}.Debug|x86.Build.0 = Debug|Win32
		{5410FC57-321E-43D5-837C-7A47033041B8}.Release|Any CPU.ActiveCfg = Release|Win32
		{5410FC57-321E-43D5-837C-7A47033041B8}.Release|x64.ActiveCfg = Release|x64
		{5410FC57-321E-43D5-837C-7A47033041B8}.Release|x64.Build.0 = Release|x64
		{5410FC57-321E-43D5-837C-7A47033041B8}.Release|x86.ActiveCfg = Release|Win32
		{5410FC57-321E-43D5-837C-7A47033041B8}.Release|x86.Build.0 = Release|Win32
		{5869F482-40F9-4926-A900-09CFE2CC20D3}.Debug|Any CPU.ActiveCfg = Debug|Win32
		{5869F482-40F9-4926-A900-09CFE2CC20D3}.Debug|x64.ActiveCfg = Debug|x64
		{5869F482-40F9-4926-A900-09CFE2CC20D3}.Debug|x64.Build.0 = Debug|x64
		{5869F482-40F9-4926-A900-09CFE2CC20D3}.Debug|x86.ActiveCfg = Debug|Win32
		{5869F482-40F9-4926-A900-09CFE2CC20D3}.Debug|x86.Build.0 = Debug|Win32
		{5869F482-40F9-4926-A900-09CFE2CC20D3}.Release|Any CPU.ActiveCfg = Release|Win32
		{5869F482-40F9-4926-A900-09CFE2CC20D3}.Release|x64.ActiveCfg = Release|x64
		{5869F482-40F9-4926-A900-09CFE2CC20D3}.Release|x64.Build.0 = Release|x64
		{5869F482-40F9-4926-A900-09CFE2CC20D3}.Release|x86.ActiveCfg = Release|Win32
		{5869F482-40F9-4926-A900-09CFE2CC20D3}.Release|x86.Build.0 = Release|Win32
		{64DBC3E1-A555-4D4D-BE00-30291BC83A51}.Debug|Any CPU.ActiveCfg = Debug|Win32
		{64DBC3E1-A555-4D4D-BE00-30291BC83A51}.Debug|x64.ActiveCfg = Debug|x64
		{64DBC3E1-A555-4D4D-BE00-30291BC83A51}.Debug|x64.Build.0 = Debug|x64
		{64DBC3E1-A555-4D4D-BE00-30291BC83A51}.Debug|x86.ActiveCfg = Debug|Win32
		{64DBC3E1-A555-4D4D-BE00-30291BC83A51}.Debug|x86.Build.0 = Debug|Win32
		{64DBC3E1-A555-4D4D-BE00-30291BC83A51}.Release|Any CPU.ActiveCfg = Release|Win32
		{64DBC3E1-A555-4D4D-BE00-30291BC83A51}.Release|x64.ActiveCfg = Release|x64
		{64DBC3E1-A555-4D4D-BE00-30291BC83A51}.Release|x64.Build.0 = Release|x64
		{64DBC3E1-A555-4D4D-BE00-30291BC83A51}.Release|x86.ActiveCfg = Release|Win32
		{64DBC3E1-A555-4D4D-BE00-30291BC83A51}.Release|x86.Build.0 = Release|Win32
		{8CDFDB80-2B14-4555-9BDB-00792B439840}.Debug|Any CPU.ActiveCfg = Debug|Win32
		{8CDFDB80-2B14-4555-9BDB-00792B439840}.Debug|x64.ActiveCfg = Debug|x64
		{8CDFDB80-2B14-4555-9BDB-00792B439840}.Debug|x64.Build.0 = Debug|x64
		{8CDFDB80-2B14-4555-9BDB-00792B439840}.Debug|x86.ActiveCfg = Debug|Win32
		{8CDFDB80-2B14-4555-9BDB-00792B439840}.Debug|x86.Build.0 = Debug|Win32
		{8CDFDB80-2B14-4555-9BDB-00792B439840}.Release|Any CPU.ActiveCfg = Release|Win32
		{8CDFDB80-2B14-4555-9BDB-00792B439840}.Release|x64.ActiveCfg = Release|x64
		{8CDFDB80-2B14-4555-9BDB-00792B439840}.Release|x64.Build.0 = Release|x64
		{8CDFDB80-2B14-4555-9BDB-00792B439840}.Release|x86.ActiveCfg = Release|Win32
		{8CDFDB80-2B14-4555-9BDB-00792B439840}.Release|x86.Build.0 = Release|Win32
		{AC5686BF-C83B-432D-8BAA-F66D4FB1AD91}.Debug|Any CPU.ActiveCfg = Debug|Win32
		{AC5686BF-C83B-432D-8BAA-F66D4FB1AD91}.Debug|x64.ActiveCfg = Debug|x64
		{AC5686BF-C83B-432D-8BAA-F66D4FB1AD91}.Debug|x64.Build.0 = Debug|x64
		{AC5686BF-C83B-432D-8BAA-F66D4FB1AD91}.Debug|x86.ActiveCfg = Debug|Win32
		{AC5686BF-C83B-432D-8BAA-F66D4FB1AD91}.Debug|x86.Build.0 = Debug|Win32
		{AC5686BF-C83B-432D-8BAA-F66D4FB1AD91}.Release|Any CPU.ActiveCfg = Release|Win32
		{AC5686BF-C83B-432D-8BAA-F66D4FB1AD91}.Release|x64.ActiveCfg = Release|x64
		{AC5686BF-C83B-432D-8BAA-F66D4FB1AD91}.Release|x64.Build.0 = Release|x64
		{AC5686BF-C83B-432D-8BAA-F66D4FB1AD91}.Release|x86.ActiveCfg = Release|Win32
		{AC5686BF-C83B-432D-8BAA-F66D4FB1AD91}.Release|x86.Build.0 = Release|Win32
		{E32E5E50-24A9-449D-92B3-844FECD419B3}.Debug|Any CPU.ActiveCfg = Debug|Win32
		{E32E5E50-24A9-449D-92B3-844FECD419B3}.Debug|x64.ActiveCfg = Debug|x64
		{E32E5E50-24A9-449D-92B3-844FECD419B3}.Debug|x64.Build.0 = Debug|x64
		{E32E5E50-24A9-449D-92B3-844FECD419B3}.Debug|x86.ActiveCfg = Debug|Win32
		{E32E5E50-24A9-449D-92B3-844FECD419B3}.Debug|x86.Build.0 = Debug|Win32
		{E32E5E50-24A9-449D-92B3-844FECD419B3}.Release|Any CPU.ActiveCfg = Release|Win32
		{E32E5E50-24A9-449D-92B3-844FECD419B3}.Release|x64.ActiveCfg = Release|x64
		{E32E5E50-24A9-449D-92B3-844FECD419B3}.Release|x64.Build.0 = Release|x64
		{E32E5E50-24A9-449D-92B3-844FECD419B3}.Release|x86.ActiveCfg = Release|Win32
		{E32E5E50-24A9-449D-92B3-844FECD419B3}.Release|x86.Build.0 = Release|Win32
		{964C14EE-7A8A-4461-9314-1BFA1DA32974}.Debug|Any CPU.ActiveCfg = Debug|Win32
		{964C14EE-7A8A-4461-9314-1BFA1DA32974}.Debug|x64.ActiveCfg = Debug|x64
		{964C14EE-7A8A-4461-9314-1BFA1DA32974}.Debug|x64.Build.0 = Debug|x64
		{964C14EE-7A8A-4461-9314-1BFA1DA32974}.Debug|x86.ActiveCfg = Debug|Win32
		{964C14EE-7A8A-4461-9314-1BFA1DA32974}.Debug|x86.Build.0 = Debug|Win32
		{964C14EE-7A8A-4461-9314-1BFA1DA32974}.Release|Any CPU.ActiveCfg = Release|Win32
		{964C14EE-7A8A-4461-9314-1BFA1DA32974}.Release|x64.ActiveCfg = Release|x64
		{964C14EE-7A8A-4461-9314-1BFA1DA32974}.Release|x64.Build.0 = Release|x64
		{964C14EE-7A8A-4461-9314-1BFA1DA32974}.Release|x86.ActiveCfg = Release|Win32
		{964C14EE-7A8A-4461-9314-1BFA1DA32974}.Release|x86.Build.0 = Release|Win32
		{4D6EDAF4-D859-4FFB-BFDD-DCD1B3F1023A}.Debug|Any CPU.ActiveCfg = Debug|Win32
		{4D6EDAF4-D859-4FFB-BFDD-DCD1B3F1023A}.Debug|x64.ActiveCfg = Debug|x64
		{4D6EDAF4-D859-4FFB-BFDD-DCD1B3F1023A}.Debug|x64.Build.0 = Debug|x64
		{4D6EDAF4-D859-4FFB-BFDD-DCD1B3F1023A}.Debug|x86.ActiveCfg = Debug|Win32
		{4D6EDAF4-D859-4FFB-BFDD-DCD1B3F1023A}.Debug|x86.Build.0 = Debug|Win32
		{4D6EDAF4-D859-4FFB-BFDD-DCD1B3F1023A}.Release|Any CPU.ActiveCfg = Release|Win32
		{4D6EDAF4-D859-4FFB-BFDD-DCD1B3F1023A}.Release|x64.ActiveCfg = Release|x64
		{4D6EDAF4-D859-4FFB-BFDD-DCD1B3F1023A}.Release|x64.Build.0 = Release|x64
		{4D6EDAF4-D859-4FFB-BFDD-DCD1B3F1023A}.Release|x86.ActiveCfg = Release|Win32
		{4D6EDAF4-D859-4FFB-BFDD-DCD1B3F1023A}.Release|x86.Build.0 = Release|Win32
		{CEEFD242-5F0A-4763-8047-35DA4263F6AE}.Debug|Any CPU.ActiveCfg = Debug|Win32
		{CEEFD242-5F0A-4763-8047-35DA4263F6AE}.Debug|x64.ActiveCfg = Debug|x64
		{CEEFD242-5F0A-4763-8047-35DA4263F6AE}.Debug|x64.Build.0 = Debug|x64
		{CEEFD242-5F0A-4763-8047-35DA4263F6AE}.Debug|x86.ActiveCfg = Debug|Win32
		{CEEFD242-5F0A-4763-8047-35DA4263F6AE}.Debug|x86.Build.0 = Debug|Win32
		{CEEFD242-5F0A-4763-8047-35DA4263F6AE}.Release|Any CPU.ActiveCfg = Release|Win32
		{CEEFD242-5F0A-4763-8047-35DA4263F6AE}.Release|x64.ActiveCfg = Release|x64
		{CEEFD242-5F0A-4763-8047-35DA4263F6AE}.Release|x64.Build.0 = Release|x64
		{CEEFD242-5F0A-4763-8047-35DA4263F6AE}.Release|x86.ActiveCfg = Release|Win32
		{CEEFD242-5F0A-4763-8047-35DA4263F6AE}.Release|x86.Build.0 = Release|Win32
		{17E73F1C-2E29-4FBB-B57C-5C635C282BCD}.Debug|Any CPU.ActiveCfg = Debug|Win32
		{17E73F1C-2E29-4FBB-B57C-5C635C282BCD}.Debug|x64.ActiveCfg = Debug|x64
		{17E73F1C-2E29-4FBB-B57C-5C635C282BCD}.Debug|x64.Build.0 = Debug|x64
		{17E73F1C-2E29-4FBB-B57C-5C635C282BCD}.Debug|x86.ActiveCfg = Debug|Win32
		{17E73F1C-2E29-4FBB-B57C-5C635C282BCD}.Debug|x86.Build.0 = Debug|Win32
		{17E73F1C-2E29-4FBB-B57C-5C635C282BCD}.Release|Any CPU.ActiveCfg = Release|Win32
		{17E73F1C-2E29-4FBB-B57C-5C635C282BCD}.Release|x64.ActiveCfg = Release|x64
		{17E73F1C-2E29-4FBB-B57C-5C635C282BCD}.Release|x64.Build.0 = Release|x64
		{17E73F1C-2E29-4FBB-B57C-5C635C282BCD}.Release|x86.ActiveCfg = Release|Win32
		{17E73F1C-2E29-4FBB-B57C-5C635C282BCD}.Release|x86.Build.0 = Release|Win32
		{1E479793-6795-4476-BE70-BD9F79966E2F}.Debug|Any CPU.ActiveCfg = Debug|Win32
		{1E479793-6795-4476-BE70-BD9F79966E2F}.Debug|x64.ActiveCfg = Debug|x64
		{1E479793-6795-4476-BE70-BD9F79966E2F}.Debug|x64.Build.0 = Debug|x64
		{1E479793-6795-4476-BE70-BD9F79966E2F}.Debug|x86.ActiveCfg = Debug|Win32
		{1E479793-6795-4476-BE70-BD9F79966E2F}.Debug|x86.Build.0 = Debug|Win32
		{1E479793-6795-4476-BE70-BD9F79966E2F}.Release|Any CPU.ActiveCfg = Release|Win32
		{1E479793-6795-4476-BE70-BD9F79966E2F}.Release|x64.ActiveCfg = Release|x64
		{1E479793-6795-4476-BE70-BD9F79966E2F}.Release|x64.Build.0 = Release|x64
		{1E479793-6795-4476-BE70-BD9F79966E2F}.Release|x86.ActiveCfg = Release|Win32
		{1E479793-6795-4476-BE70-BD9F79966E2F}.Release|x86.Build.0 = Release|Win32
		{262494A5-14ED-4585-9F3E-BAE228A6D75C}.Debug|Any CPU.ActiveCfg = Debug|Win32
		{262494A5-14ED-4585-9F3E-BAE228A6D75C}.Debug|x64.ActiveCfg = Debug|x64
		{262494A5-14ED-4585-9F3E-BAE228A6D75C}.Debug|x64.Build.0 = Debug|x64
		{262494A5-14ED-4585-9F3E-BAE228A6D75C}.Debug|x86.ActiveCfg = Debug|Win32
		{262494A5-14ED-4585-9F3E-BAE228A6D75C}.Debug|x86.Build.0 = Debug|Win32
		{262494A5-14ED-4585-9F3E-BAE228A6D75C}.Release|Any CPU.ActiveCfg = Release|Win32
		{262494A5-14ED-4585-9F3E-BAE228A6D75C}.Release|x64.ActiveCfg = Release|x64
		{262494A5-14ED-4585-9F3E-BAE228A6D75C}.Release|x64.Build.0 = Release|x64
		{262494A5-14ED-4585-9F3E-BAE228A6D75C}.Release|x86.ActiveCfg = Release|Win32
		{262494A5-14ED-4585-9F3E-BAE228A6D75C}.Release|x86.Build.0 = Release|Win32
		{7C1130EE-515C-4C9A-848A-8D9007AF8F01}.Debug|Any CPU.ActiveCfg = Debug|Win32
		{7C1130EE-515C-4C9A-848A-8D9007AF8F01}.Debug|x64.ActiveCfg = Debug|x64
		{7C1130EE-515C-4C9A-848A-8D9007AF8F01}.Debug|x64.Build.0 = Debug|x64
		{7C1130EE-515C-4C9A-848A-8D9007AF8F01}.Debug|x86.ActiveCfg = Debug|Win32
		{7C1130EE-515C-4C9A-848A-8D9007AF8F01}.Debug|x86.Build.0 = Debug|Win32
		{7C1130EE-515C-4C9A-848A-8D9007AF8F01}.Release|Any CPU.ActiveCfg = Release|Win32
		{7C1130EE-515C-4C9A-848A-8D9007AF8F01}.Release|x64.ActiveCfg = Release|x64
		{7C1130EE-515C-4C9A-848A-8D9007AF8F01}.Release|x64.Build.0 = Release|x64
		{7C1130EE-515C-4C9A-848A-8D9007AF8F01}.Release|x86.ActiveCfg = Release|Win32
		{7C1130EE-515C-4C9A-848A-8D9007AF8F01}.Release|x86.Build.0 = Release|Win32
		{557BB1CF-8F8B-4A8A-91C4-D6D6276AB2E5}.Debug|Any CPU.ActiveCfg = Debug|Win32
		{557BB1CF-8F8B-4A8A-91C4-D6D6276AB2E5}.Debug|x64.ActiveCfg = Debug|x64
		{557BB1CF-8F8B-4A8A-91C4-D6D6276AB2E5}.Debug|x64.Build.0 = Debug|x64
		{557BB1CF-8F8B-4A8A-91C4-D6D6276AB2E5}.Debug|x86.ActiveCfg = Debug|Win32
		{557BB1CF-8F8B-4A8A-91C4-D6D6276AB2E5}.Debug|x86.Build.0 = Debug|Win32
		{557BB1CF-8F8B-4A8A-91C4-D6D6276AB2E5}.Release|Any CPU.ActiveCfg = Release|Win32
		{557BB1CF-8F8B-4A8A-91C4-D6D6276AB2E5}.Release|x64.ActiveCfg = Release|x64
		{557BB1CF-8F8B-4A8A-91C4-D6D6276AB2E5}.Release|x64.Build.0 = Release|x64
		{557BB1CF-8F8B-4A8A-91C4-D6D6276AB2E5}.Release|x86.ActiveCfg = Release|Win32
		{557BB1CF-8F8B-4A8A-91C4-D6D6276AB2E5}.Release|x86.Build.0 = Release|Win32
		{F331AFC0-6587-4CF3-889E-8C8700E36288}.Debug|Any CPU.ActiveCfg = Debug|Win32
		{F331AFC0-6587-4CF3-889E-8C8700E36288}.Debug|x64.ActiveCfg = Debug|x64
		{F331AFC0-6587-4CF3-889E-8C8700E36288}.Debug|x64.Build.0 = Debug|x64
		{F331AFC0-6587-4CF3-889E-8C8700E36288}.Debug|x86.ActiveCfg = Debug|Win32
		{F331AFC0-6587-4CF3-889E-8C8700E36288}.Debug|x86.Build.0 = Debug|Win32
		{F331AFC0-6587-4CF3-889E-8C8700E36288}.Release|Any CPU.ActiveCfg = Release|Win32
		{F331AFC0-6587-4CF3-889E-8C8700E36288}.Release|x64.ActiveCfg = Release|x64
		{F331AFC0-6587-4CF3-889E-8C8700E36288}.Release|x64.Build.0 = Release|x64
		{F331AFC0-6587-4CF3-889E-8C8700E36288}.Release|x86.ActiveCfg = Release|Win32
		{F331AFC0-6587-4CF3-889E-8C8700E36288}.Release|x86.Build.0 = Release|Win32
		{3D70F2C5-F6E2-482D-88E3-198191F06BD4}.Debug|Any CPU.ActiveCfg = Debug|Win32
		{3D70F2C5-F6E2-482D-88E3-198191F06BD4}.Debug|x64.ActiveCfg = Debug|x64
		{3D70F2C5-F6E2-482D-88E3-198191F06BD4}.Debug|x64.Build.0 = Debug|x64
		{3D70F2C5-F6E2-482D-88E3-198191F06BD4}.Debug|x86.ActiveCfg = Debug|Win32
		{3D70F2C5-F6E2-482D-88E3-198191F06BD4}.Debug|x86.Build.0 = Debug|Win32
		{3D70F2C5-F6E2-482D-88E3-198191F06BD4}.Release|Any CPU.ActiveCfg = Release|Win32
		{3D70F2C5-F6E2-482D-88E3-198191F06BD4}.Release|x64.ActiveCfg = Release|x64
		{3D70F2C5-F6E2-482D-88E3-198191F06BD4}.Release|x64.Build.0 = Release|x64
		{3D70F2C5-F6E2-482D-88E3-198191F06BD4}.Release|x86.ActiveCfg = Release|Win32
		{3D70F2C5-F6E2-482D-88E3-198191F06BD4}.Release|x86.Build.0 = Release|Win32
		{9ED04D43-033C-498B-9ECE-6D098ECC7D60}.Debug|Any CPU.ActiveCfg = Debug|Win32
		{9ED04D43-033C-498B-9ECE-6D098ECC7D60}.Debug|x64.ActiveCfg = Debug|x64
		{9ED04D43-033C-498B-9ECE-6D098ECC7D60}.Debug|x64.Build.0 = Debug|x64
		{9ED04D43-033C-498B-9ECE-6D098ECC7D60}.Debug|x86.ActiveCfg = Debug|Win32
		{9ED04D43-033C-498B-9ECE-6D098ECC7D60}.Debug|x86.Build.0 = Debug|Win32
		{9ED04D43-033C-498B-9ECE-6D098ECC7D60}.Release|Any CPU.ActiveCfg = Release|Win32
		{9ED04D43-033C-498B-9ECE-6D098ECC7D60}.Release|x64.ActiveCfg = Release|x64
		{9ED04D43-033C-498B-9ECE-6D098ECC7D60}.Release|x64.Build.0 = Release|x64
		{9ED04D43-033C-498B-9ECE-6D098ECC7D60}.Release|x86.ActiveCfg = Release|Win32
		{9ED04D43-033C-498B-9ECE-6D098ECC7D60}.Release|x86.Build.0 = Release|Win32
		{9F757EE4-463A-47D5-814A-D06A1B050590}.Debug|Any CPU.ActiveCfg = Debug|Win32
		{9F757EE4-463A-47D5-814A-D06A1B050590}.Debug|x64.ActiveCfg = Debug|x64
		{9F757EE4-463A-47D5-814A-D06A1B050590}.Debug|x64.Build.0 = Debug|x64
		{9F757EE4-463A-47D5-814A-D06A1B050590}.Debug|x86.ActiveCfg = Debug|Win32
		{9F757EE4-463A-47D5-814A-D06A1B050590}.Debug|x86.Build.0 = Debug|Win32
		{9F757EE4-463A-47D5-814A-D06A1B050590}.Release|Any CPU.ActiveCfg = Release|Win32
		{9F757EE4-463A-47D5-814A-D06A1B050590}.Release|x64.ActiveCfg = Release|x64
		{9F757EE4-463A-47D5-814A-D06A1B050590}.Release|x64.Build.0 = Release|x64
		{9F757EE4-463A-47D5-814A-D06A1B050590}.Release|x86.ActiveCfg = Release|Win32
		{9F757EE4-463A-47D5-814A-D06A1B050590}.Release|x86.Build.0 = Release|Win32
		{D191F95A-DA68-4B15-9BFA-53B9ECD01D29}.Debug|Any CPU.ActiveCfg = Debug|Win32
		{D191F95A-DA68-4B15-9BFA-53B9ECD01D29}.Debug|x64.ActiveCfg = Debug|x64
		{D191F95A-DA68-4B15-9BFA-53B9ECD01D29}.Debug|x64.Build.0 = Debug|x64
		{D191F95A-DA68-4B15-9BFA-53B9ECD01D29}.Debug|x86.ActiveCfg = Debug|Win32
		{D191F95A-DA68-4B15-9BFA-53B9ECD01D29}.Debug|x86.Build.0 = Debug|Win32
		{D191F95A-DA68-4B15-9BFA-53B9ECD01D29}.Release|Any CPU.ActiveCfg = Release|Win32
		{D191F95A-DA68-4B15-9BFA-53B9ECD01D29}.Release|x64.ActiveCfg = Release|x64
		{D191F95A-DA68-4B15-9BFA-53B9ECD01D29}.Release|x64.Build.0 = Release|x64
		{D191F95A-DA68-4B15-9BFA-53B9ECD01D29}.Release|x86.ActiveCfg = Release|Win32
		{D191F95A-DA68-4B15-9BFA-53B9ECD01D29}.Release|x86.Build.0 = Release|Win32
		{899D3677-2CE0-4746-9520-DDEF3AA2A6D4}.Debug|Any CPU.ActiveCfg = Debug|Win32
		{899D3677-2CE0-4746-9520-DDEF3AA2A6D4}.Debug|x64.ActiveCfg = Debug|x64
		{899D3677-2CE0-4746-9520-DDEF3AA2A6D4}.Debug|x64.Build.0 = Debug|x64
		{899D3677-2CE0-4746-9520-DDEF3AA2A6D4}.Debug|x86.ActiveCfg = Debug|Win32
		{899D3677-2CE0-4746-9520-DDEF3AA2A6D4}.Debug|x86.Build.0 = Debug|Win32
		{899D3677-2CE0-4746-9520-DDEF3AA2A6D4}.Release|Any CPU.ActiveCfg = Release|Win32
		{899D3677-2CE0-4746-9520-DDEF3AA2A6D4}.Release|x64.ActiveCfg = Release|x64
		{899D3677-2CE0-4746-9520-DDEF3AA2A6D4}.Release|x64.Build.0 = Release|x64
		{899D3677-2CE0-4746-9520-DDEF3AA2A6D4}.Release|x86.ActiveCfg = Release|Win32
		{899D3677-2CE0-4746-9520-DDEF3AA2A6D4}.Release|x86.Build.0 = Release|Win32
		{C6635D9D-77C0-4973-9A08-98EE838217AE}.Debug|Any CPU.ActiveCfg = Debug|Win32
		{C6635D9D-77C0-4973-9A08-98EE838217AE}.Debug|x64.ActiveCfg = Debug|x64
		{C6635D9D-77C0-4973-9A08-98EE838217AE}.Debug|x64.Build.0 = Debug|x64
		{C6635D9D-77C0-4973-9A08-98EE838217AE}.Debug|x86.ActiveCfg = Debug|Win32
		{C6635D9D-77C0-4973-9A08-98EE838217AE}.Debug|x86.Build.0 = Debug|Win32
		{C6635D9D-77C0-4973-9A08-98EE838217AE}.Release|Any CPU.ActiveCfg = Release|Win32
		{C6635D9D-77C0-4973-9A08-98EE838217AE}.Release|x64.ActiveCfg = Release|x64
		{C6635D9D-77C0-4973-9A08-98EE838217AE}.Release|x64.Build.0 = Release|x64
		{C6635D9D-77C0-4973-9A08-98EE838217AE}.Release|x86.ActiveCfg = Release|Win32
		{C6635D9D-77C0-4973-9A08-98EE838217AE}.Release|x86.Build.0 = Release|Win32
		{7544D2EA-300C-4AEB-AA7F-438762AE001F}.Debug|Any CPU.ActiveCfg = Debug|Win32
		{7544D2EA-300C-4AEB-AA7F-438762AE001F}.Debug|x64.ActiveCfg = Debug|x64
		{7544D2EA-300C-4AEB-AA7F-438762AE001F}.Debug|x64.Build.0 = Debug|x64
		{7544D2EA-300C-4AEB-AA7F-438762AE001F}.Debug|x86.ActiveCfg = Debug|Win32
		{7544D2EA-300C-4AEB-AA7F-438762AE001F}.Debug|x86.Build.0 = Debug|Win32
		{7544D2EA-300C-4AEB-AA7F-438762AE001F}.Release|Any CPU.ActiveCfg = Release|Win32
		{7544D2EA-300C-4AEB-AA7F-438762AE001F}.Release|x64.ActiveCfg = Release|x64
		{7544D2EA-300C-4AEB-AA7F-438762AE001F}.Release|x64.Build.0 = Release|x64
		{7544D2EA-300C-4AEB-AA7F-438762AE001F}.Release|x86.ActiveCfg = Release|Win32
		{7544D2EA-300C-4AEB-AA7F-438762AE001F}.Release|x86.Build.0 = Release|Win32
		{40B7A5ED-E344-46D1-8734-7A64844AC50A}.Debug|Any CPU.ActiveCfg = Debug|Win32
		{40B7A5ED-E344-46D1-8734-7A64844AC50A}.Debug|x64.ActiveCfg = Debug|x64
		{40B7A5ED-E344-46D1-8734-7A64844AC50A}.Debug|x64.Build.0 = Debug|x64
		{40B7A5ED-E344-46D1-8734-7A64844AC50A}.Debug|x86.ActiveCfg = Debug|Win32
		{40B7A5ED-E344-46D1-8734-7A64844AC50A}.Debug|x86.Build.0 = Debug|Win32
		{40B7A5ED-E344-46D1-8734-7A64844AC50A}.Release|Any CPU.ActiveCfg = Release|Win32
		{40B7A5ED-E344-46D1-8734-7A64844AC50A}.Release|x64.ActiveCfg = Release|x64
		{40B7A5ED-E344-46D1-8734-7A64844AC50A}.Release|x64.Build.0 = Release|x64
		{40B7A5ED-E344-46D1-8734-7A64844AC50A}.Release|x86.ActiveCfg = Release|Win32
		{40B7A5ED-E344-46D1-8734-7A64844AC50A}.Release|x86.Build.0 = Release|Win32
	EndGlobalSection
	GlobalSection(SolutionProperties) = preSolution
		HideSolutionNode = FALSE
	EndGlobalSection
	GlobalSection(NestedProjects) = preSolution
		{66F97E22-5E02-4257-B75C-DA71B7A17BFF} = {AAF89E9C-BBAA-430F-B47D-DB585E84E1DD}
		{5869F482-40F9-4926-A900-09CFE2CC20D3} = {8E307ADC-C396-4C86-8289-B29BC03F6FC7}
		{64DBC3E1-A555-4D4D-BE00-30291BC83A51} = {8E307ADC-C396-4C86-8289-B29BC03F6FC7}
		{8CDFDB80-2B14-4555-9BDB-00792B439840} = {8E307ADC-C396-4C86-8289-B29BC03F6FC7}
		{AC5686BF-C83B-432D-8BAA-F66D4FB1AD91} = {8E307ADC-C396-4C86-8289-B29BC03F6FC7}
		{E32E5E50-24A9-449D-92B3-844FECD419B3} = {8E307ADC-C396-4C86-8289-B29BC03F6FC7}
		{964C14EE-7A8A-4461-9314-1BFA1DA32974} = {8E307ADC-C396-4C86-8289-B29BC03F6FC7}
		{4D6EDAF4-D859-4FFB-BFDD-DCD1B3F1023A} = {8E307ADC-C396-4C86-8289-B29BC03F6FC7}
		{CEEFD242-5F0A-4763-8047-35DA4263F6AE} = {8E307ADC-C396-4C86-8289-B29BC03F6FC7}
		{17E73F1C-2E29-4FBB-B57C-5C635C282BCD} = {8E307ADC-C396-4C86-8289-B29BC03F6FC7}
		{1E479793-6795-4476-BE70-BD9F79966E2F} = {8E307ADC-C396-4C86-8289-B29BC03F6FC7}
		{262494A5-14ED-4585-9F3E-BAE228A6D75C} = {8E307ADC-C396-4C86-8289-B29BC03F6FC7}
		{7C1130EE-515C-4C9A-848A-8D9007AF8F01} = {8E307ADC-C396-4C86-8289-B29BC03F6FC7}
		{557BB1CF-8F8B-4A8A-91C4-D6D6276AB2E5} = {8E307ADC-C396-4C86-8289-B29BC03F6FC7}
		{F331AFC0-6587-4CF3-889E-8C8700E36288} = {8E307ADC-C396-4C86-8289-B29BC03F6FC7}
		{3D70F2C5-F6E2-482D-88E3-198191F06BD4} = {8E307ADC-C396-4C86-8289-B29BC03F6FC7}
		{9ED04D43-033C-498B-9ECE-6D098ECC7D60} = {8E307ADC-C396-4C86-8289-B29BC03F6FC7}
		{9F757EE4-463A-47D5-814A-D06A1B050590} = {8E307ADC-C396-4C86-8289-B29BC03F6FC7}
		{D191F95A-DA68-4B15-9BFA-53B9ECD01D29} = {8E307ADC-C396-4C86-8289-B29BC03F6FC7}
		{899D3677-2CE0-4746-9520-DDEF3AA2A6D4} = {8E307ADC-C396-4C86-8289-B29BC03F6FC7}
		{C6635D9D-77C0-4973-9A08-98EE838217AE} = {AAF89E9C-BBAA-430F-B47D-DB585E84E1DD}
		{7544D2EA-300C-4AEB-AA7F-438762AE001F} = {AAF89E9C-BBAA-430F-B47D-DB585E84E1DD}
	EndGlobalSection
	GlobalSection(ExtensibilityGlobals) = postSolution
		SolutionGuid = {045A42BA-B756-4EB6-B54B-753698675F60}
	EndGlobalSection
EndGlobal
